
Microsoft Visual Studio Solution File, Format Version 12.00
# Visual Studio Version 16
VisualStudioVersion = 16.0.32106.194
MinimumVisualStudioVersion = 10.0.40219.1
Project("{FAE04EC0-301F-11D3-BF4B-00C04F79EFBC}") = "HistoriasClinicas", "HistoriasClinicas.csproj", "{429EEB14-FFE4-4490-8B53-D00082DEA180}"
EndProject
Global
	GlobalSection(SolutionConfigurationPlatforms) = preSolution
		Debug|Any CPU = Debug|Any CPU
		Release|Any CPU = Release|Any CPU
	EndGlobalSection
	GlobalSection(ProjectConfigurationPlatforms) = postSolution
		{429EEB14-FFE4-4490-8B53-D00082DEA180}.Debug|Any CPU.ActiveCfg = Debug|Any CPU
		{429EEB14-FFE4-4490-8B53-D00082DEA180}.Debug|Any CPU.Build.0 = Debug|Any CPU
		{429EEB14-FFE4-4490-8B53-D00082DEA180}.Release|Any CPU.ActiveCfg = Release|Any CPU
		{429EEB14-FFE4-4490-8B53-D00082DEA180}.Release|Any CPU.Build.0 = Release|Any CPU
	EndGlobalSection
	GlobalSection(SolutionProperties) = preSolution
		HideSolutionNode = FALSE
	EndGlobalSection
	GlobalSection(ExtensibilityGlobals) = postSolution
		SolutionGuid = {CBC95261-CA62-4317-8B20-CC86BA95847C}
	EndGlobalSection
EndGlobal
